{
  "version": "5",
  "redirects": {
    "https://esm.sh/@supabase/supabase-js@2": "https://esm.sh/@supabase/supabase-js@2.117.2"
  },
  "remote": {
    "https://esm.sh/@supabase/supabase-js@2.117.2": "6da4477d96ad4392b5a8be8f423384a3812cdd651df483e433ba422a69ff879b",
    "https://esm.sh/xlsx@0.18.5": "feaad96c2697fd87d8d2cbf00030869f6f3cb87afc6f58c92602f1e33309dc03"
  },
  "workspace": {
    "packageJson": {
      "dependencies": [
        "npm:supabase@^2.118.0"
      ]
    }
  }
}
